
Microsoft Visual Studio Solution File, Format Version 12.00
# Visual Studio Version 16
VisualStudioVersion = 16.0.29409.12
MinimumVisualStudioVersion = 10.0.40219.1
Project("{2150E333-8FDC-42A3-9474-1A3956D46DE8}") = "Core", "Core", "{C49B111C-3813-41C2-945D-A13FF3B3344D}"
EndProject
Project("{2150E333-8FDC-42A3-9474-1A3956D46DE8}") = "Infrastructure", "Infrastructure", "{95090D20-4558-45E1-9F84-366169F6FC44}"
EndProject
Project("{2150E333-8FDC-42A3-9474-1A3956D46DE8}") = "Presentation", "Presentation", "{E448FFD0-1704-4212-BDED-95C216B140F5}"
EndProject
Project("{2150E333-8FDC-42A3-9474-1A3956D46DE8}") = "src", "src", "{5F2B8364-F08C-4C98-84E4-85FE191688DF}"
EndProject
Project("{9A19103F-16F7-4668-BE54-9A1E7A4F7556}") = "MusicUniverse.Application", "src\MusicUniverse.Application\MusicUniverse.Application.csproj", "{A00B6500-A078-4FC7-8DA3-7E6A17DABEFF}"
EndProject
Project("{9A19103F-16F7-4668-BE54-9A1E7A4F7556}") = "MusicUniverse.Common", "src\MusicUniverse.Common\MusicUniverse.Common.csproj", "{5A64DFAF-8351-4969-B817-08DC684B6F03}"
EndProject
Project("{9A19103F-16F7-4668-BE54-9A1E7A4F7556}") = "MusicUniverse.Domain", "src\MusicUniverse.Domain\MusicUniverse.Domain.csproj", "{CE158E46-2FD8-4F74-B7BA-EDB4809A7399}"
EndProject
Project("{9A19103F-16F7-4668-BE54-9A1E7A4F7556}") = "MusicUniverse.Infrastructure", "src\MusicUniverse.Infrastructure\MusicUniverse.Infrastructure.csproj", "{68184BAF-4F31-434F-81C8-3C0B15C0FFE6}"
EndProject
Project("{9A19103F-16F7-4668-BE54-9A1E7A4F7556}") = "MusicUniverse.WebPortal", "src\MusicUniverse.WebPortal\MusicUniverse.WebPortal.csproj", "{3C50B9A1-A5A6-4A7C-9532-2593849B6FDF}"
EndProject
Project("{9A19103F-16F7-4668-BE54-9A1E7A4F7556}") = "MusicUniverse.Persistence", "src\MusicUniverse.Persistence\MusicUniverse.Persistence.csproj", "{3CD099E0-F9B5-4495-B387-621FF5B4321B}"
EndProject
Project("{2150E333-8FDC-42A3-9474-1A3956D46DE8}") = "Tools", "Tools", "{878782C6-BDBD-41CE-8503-485B6B3D82C5}"
EndProject
Project("{9A19103F-16F7-4668-BE54-9A1E7A4F7556}") = "HelpersTool.ConsoleApp", "HelpersTool.ConsoleApp\HelpersTool.ConsoleApp.csproj", "{0F413801-ED07-4C52-8E4B-783381B5547C}"
EndProject
Project("{FAE04EC0-301F-11D3-BF4B-00C04F79EFBC}") = "MusicUniverse.Services", "MusicUniverse.Services\MusicUniverse.Services.csproj", "{E4898A2E-8BF8-4807-A007-1B0DB1C851A2}"
EndProject
Global
	GlobalSection(SolutionConfigurationPlatforms) = preSolution
		Debug|Any CPU = Debug|Any CPU
		Release|Any CPU = Release|Any CPU
	EndGlobalSection
	GlobalSection(ProjectConfigurationPlatforms) = postSolution
		{A00B6500-A078-4FC7-8DA3-7E6A17DABEFF}.Debug|Any CPU.ActiveCfg = Debug|Any CPU
		{A00B6500-A078-4FC7-8DA3-7E6A17DABEFF}.Debug|Any CPU.Build.0 = Debug|Any CPU
		{A00B6500-A078-4FC7-8DA3-7E6A17DABEFF}.Release|Any CPU.ActiveCfg = Release|Any CPU
		{A00B6500-A078-4FC7-8DA3-7E6A17DABEFF}.Release|Any CPU.Build.0 = Release|Any CPU
		{5A64DFAF-8351-4969-B817-08DC684B6F03}.Debug|Any CPU.ActiveCfg = Debug|Any CPU
		{5A64DFAF-8351-4969-B817-08DC684B6F03}.Debug|Any CPU.Build.0 = Debug|Any CPU
		{5A64DFAF-8351-4969-B817-08DC684B6F03}.Release|Any CPU.ActiveCfg = Release|Any CPU
		{5A64DFAF-8351-4969-B817-08DC684B6F03}.Release|Any CPU.Build.0 = Release|Any CPU
		{CE158E46-2FD8-4F74-B7BA-EDB4809A7399}.Debug|Any CPU.ActiveCfg = Debug|Any CPU
		{CE158E46-2FD8-4F74-B7BA-EDB4809A7399}.Debug|Any CPU.Build.0 = Debug|Any CPU
		{CE158E46-2FD8-4F74-B7BA-EDB4809A7399}.Release|Any CPU.ActiveCfg = Release|Any CPU
		{CE158E46-2FD8-4F74-B7BA-EDB4809A7399}.Release|Any CPU.Build.0 = Release|Any CPU
		{68184BAF-4F31-434F-81C8-3C0B15C0FFE6}.Debug|Any CPU.ActiveCfg = Debug|Any CPU
		{68184BAF-4F31-434F-81C8-3C0B15C0FFE6}.Debug|Any CPU.Build.0 = Debug|Any CPU
		{68184BAF-4F31-434F-81C8-3C0B15C0FFE6}.Release|Any CPU.ActiveCfg = Release|Any CPU
		{68184BAF-4F31-434F-81C8-3C0B15C0FFE6}.Release|Any CPU.Build.0 = Release|Any CPU
		{3C50B9A1-A5A6-4A7C-9532-2593849B6FDF}.Debug|Any CPU.ActiveCfg = Debug|Any CPU
		{3C50B9A1-A5A6-4A7C-9532-2593849B6FDF}.Debug|Any CPU.Build.0 = Debug|Any CPU
		{3C50B9A1-A5A6-4A7C-9532-2593849B6FDF}.Release|Any CPU.ActiveCfg = Release|Any CPU
		{3C50B9A1-A5A6-4A7C-9532-2593849B6FDF}.Release|Any CPU.Build.0 = Release|Any CPU
		{3CD099E0-F9B5-4495-B387-621FF5B4321B}.Debug|Any CPU.ActiveCfg = Debug|Any CPU
		{3CD099E0-F9B5-4495-B387-621FF5B4321B}.Debug|Any CPU.Build.0 = Debug|Any CPU
		{3CD099E0-F9B5-4495-B387-621FF5B4321B}.Release|Any CPU.ActiveCfg = Release|Any CPU
		{3CD099E0-F9B5-4495-B387-621FF5B4321B}.Release|Any CPU.Build.0 = Release|Any CPU
		{0F413801-ED07-4C52-8E4B-783381B5547C}.Debug|Any CPU.ActiveCfg = Debug|Any CPU
		{0F413801-ED07-4C52-8E4B-783381B5547C}.Debug|Any CPU.Build.0 = Debug|Any CPU
		{0F413801-ED07-4C52-8E4B-783381B5547C}.Release|Any CPU.ActiveCfg = Release|Any CPU
		{0F413801-ED07-4C52-8E4B-783381B5547C}.Release|Any CPU.Build.0 = Release|Any CPU
		{E4898A2E-8BF8-4807-A007-1B0DB1C851A2}.Debug|Any CPU.ActiveCfg = Debug|Any CPU
		{E4898A2E-8BF8-4807-A007-1B0DB1C851A2}.Debug|Any CPU.Build.0 = Debug|Any CPU
		{E4898A2E-8BF8-4807-A007-1B0DB1C851A2}.Release|Any CPU.ActiveCfg = Release|Any CPU
		{E4898A2E-8BF8-4807-A007-1B0DB1C851A2}.Release|Any CPU.Build.0 = Release|Any CPU
	EndGlobalSection
	GlobalSection(SolutionProperties) = preSolution
		HideSolutionNode = FALSE
	EndGlobalSection
	GlobalSection(NestedProjects) = preSolution
		{C49B111C-3813-41C2-945D-A13FF3B3344D} = {5F2B8364-F08C-4C98-84E4-85FE191688DF}
		{95090D20-4558-45E1-9F84-366169F6FC44} = {5F2B8364-F08C-4C98-84E4-85FE191688DF}
		{E448FFD0-1704-4212-BDED-95C216B140F5} = {5F2B8364-F08C-4C98-84E4-85FE191688DF}
		{A00B6500-A078-4FC7-8DA3-7E6A17DABEFF} = {C49B111C-3813-41C2-945D-A13FF3B3344D}
		{5A64DFAF-8351-4969-B817-08DC684B6F03} = {C49B111C-3813-41C2-945D-A13FF3B3344D}
		{CE158E46-2FD8-4F74-B7BA-EDB4809A7399} = {C49B111C-3813-41C2-945D-A13FF3B3344D}
		{68184BAF-4F31-434F-81C8-3C0B15C0FFE6} = {95090D20-4558-45E1-9F84-366169F6FC44}
		{3C50B9A1-A5A6-4A7C-9532-2593849B6FDF} = {E448FFD0-1704-4212-BDED-95C216B140F5}
		{3CD099E0-F9B5-4495-B387-621FF5B4321B} = {95090D20-4558-45E1-9F84-366169F6FC44}
		{0F413801-ED07-4C52-8E4B-783381B5547C} = {878782C6-BDBD-41CE-8503-485B6B3D82C5}
		{E4898A2E-8BF8-4807-A007-1B0DB1C851A2} = {C49B111C-3813-41C2-945D-A13FF3B3344D}
	EndGlobalSection
	GlobalSection(ExtensibilityGlobals) = postSolution
		SolutionGuid = {724E4CFF-A6EC-45A9-956D-11D206ABB41B}
	EndGlobalSection
EndGlobal
